
Microsoft Visual Studio Solution File, Format Version 12.00
# Visual Studio Version 16
VisualStudioVersion = 16.0.30413.136
MinimumVisualStudioVersion = 10.0.40219.1
Project("{8BC9CEB8-8B4A-11D0-8D11-00A0C91BC942}") = "12.WarterTank", "12.WarterTank\12.WarterTank.vcxproj", "{7BE5B0E4-3DAA-4F0F-8FD0-DB6E2310D55E}"
EndProject
Global
	GlobalSection(SolutionConfigurationPlatforms) = preSolution
		Debug|x64 = Debug|x64
		Debug|x86 = Debug|x86
		Release|x64 = Release|x64
		Release|x86 = Release|x86
	EndGlobalSection
	GlobalSection(ProjectConfigurationPlatforms) = postSolution
		{7BE5B0E4-3DAA-4F0F-8FD0-DB6E2310D55E}.Debug|x64.ActiveCfg = Debug|x64
		{7BE5B0E4-3DAA-4F0F-8FD0-DB6E2310D55E}.Debug|x64.Build.0 = Debug|x64
		{7BE5B0E4-3DAA-4F0F-8FD0-DB6E2310D55E}.Debug|x86.ActiveCfg = Debug|Win32
		{7BE5B0E4-3DAA-4F0F-8FD0-DB6E2310D55E}.Debug|x86.Build.0 = Debug|Win32
		{7BE5B0E4-3DAA-4F0F-8FD0-DB6E2310D55E}.Release|x64.ActiveCfg = Release|x64
		{7BE5B0E4-3DAA-4F0F-8FD0-DB6E2310D55E}.Release|x64.Build.0 = Release|x64
		{7BE5B0E4-3DAA-4F0F-8FD0-DB6E2310D55E}.Release|x86.ActiveCfg = Release|Win32
		{7BE5B0E4-3DAA-4F0F-8FD0-DB6E2310D55E}.Release|x86.Build.0 = Release|Win32
	EndGlobalSection
	GlobalSection(SolutionProperties) = preSolution
		HideSolutionNode = FALSE
	EndGlobalSection
	GlobalSection(ExtensibilityGlobals) = postSolution
		SolutionGuid = {A1263B4A-E8B9-45BC-AA9A-A0996B49BA86}
	EndGlobalSection
EndGlobal
